github.com/canhlinh/go-binary-pack v0.0.0-20181203110405-72348cf47f32 h1:2frz5u51940fkPXzOlKhY/zL4FBtXerEdNEs2AEicMA=
github.com/canhlinh/go-binary-pack v0.0.0-20181203110405-72348cf47f32/go.mod h1:5oL/IK/HhX2kkOQK0V5dpmpFQET3dRgjS+4hfSjs+Pw=
github.com/chenall/gozk v0.0.0-20221128023915-155b265e8079 h1:S//wHK9L+HcLwXyisNyo8cp5kovQR0Ctw7rj1qoJgQ0=
github.com/chenall/gozk v0.0.0-20221128023915-155b265e8079/go.mod h1:7332UVj/hA/JUUx0s+zWp42y9ab8nLc58RDrcgIBwng=
github.com/davecgh/go-spew v1.1.0/go.mod h1:J7Y8YcW2NihsgmVo/mv3lAwl/skON4iLHjSsI+c5H38=
github.com/pmezard/go-difflib v1.0.0/go.mod h1:iKH77koFhYxTK1pcRnkKkqfTogsbg7gZNVY4sRDYZ/4=
github.com/stretchr/objx v0.1.0/go.mod h1:HFkY916IF+rwdDfMAkV7OtwuqBVzrE8GR6GFx+wExME=
github.com/stretchr/testify v1.3.0/go.mod h1:M5WIy9Dh21IEIfnGCwXGc5bZfKNJtfHm1UVUgZn+9EI=
